{
  "name": "homework16.contr",
  "version": "1.0.0",
  "lockfileVersion": 3,
  "requires": true,
  "packages": {
    "": {
      "name": "homework16.contr",
      "version": "1.0.0",
      "license": "ISC",
      "dependencies": {
        "lodash.debounce": "^4.0.8",
        "parsel": "^0.3.0"
      }
    },
    "node_modules/lodash.debounce": {
      "version": "4.0.8",
      "resolved": "https://registry.npmjs.org/lodash.debounce/-/lodash.debounce-4.0.8.tgz",
      "integrity": "sha512-FT1yDzDYEoYWhnSGnpE/4Kj1fLZkDFyqRb7fNt6FdYOSxlUWAtp42Eh6Wb0rGIv/m9Bgo7x4GhQbm5Ys4SG5ow=="
    },
    "node_modules/parsel": {
      "version": "0.3.0",
      "resolved": "https://registry.npmjs.org/parsel/-/parsel-0.3.0.tgz",
      "integrity": "sha512-2HuxUWdHdOd7Vqr7HtXaogLz4ycgVmjtgjWdfrb8SlhJyKwAYavuboRS/PE/cfgMqpJOUmYHqNP19QjZEMWP4w==",
      "deprecated": "Package no longer supported. Use at your own risk."
    }
  }
}
